
Microsoft Visual Studio Solution File, Format Version 12.00
# Visual Studio Version 16
VisualStudioVersion = 16.0.31410.357
MinimumVisualStudioVersion = 10.0.40219.1
Project("{FAE04EC0-301F-11D3-BF4B-00C04F79EFBC}") = "Fareyi_Yakala", "Fareyi_Yakala\Fareyi_Yakala.csproj", "{494099A5-DB35-46A0-8A47-BBEA52D936E8}"
EndProject
Global
	GlobalSection(SolutionConfigurationPlatforms) = preSolution
		Debug|Any CPU = Debug|Any CPU
		Release|Any CPU = Release|Any CPU
	EndGlobalSection
	GlobalSection(ProjectConfigurationPlatforms) = postSolution
		{494099A5-DB35-46A0-8A47-BBEA52D936E8}.Debug|Any CPU.ActiveCfg = Debug|Any CPU
		{494099A5-DB35-46A0-8A47-BBEA52D936E8}.Debug|Any CPU.Build.0 = Debug|Any CPU
		{494099A5-DB35-46A0-8A47-BBEA52D936E8}.Release|Any CPU.ActiveCfg = Release|Any CPU
		{494099A5-DB35-46A0-8A47-BBEA52D936E8}.Release|Any CPU.Build.0 = Release|Any CPU
	EndGlobalSection
	GlobalSection(SolutionProperties) = preSolution
		HideSolutionNode = FALSE
	EndGlobalSection
	GlobalSection(ExtensibilityGlobals) = postSolution
		SolutionGuid = {862C8822-8745-4E26-9A19-671ABE2A84CD}
	EndGlobalSection
EndGlobal
